
Microsoft Visual Studio Solution File, Format Version 11.00
# Visual Studio 2010
Project("{FAE04EC0-301F-11D3-BF4B-00C04F79EFBC}") = "SpaceGame", "SpaceGame\SpaceGame\SpaceGame.csproj", "{4D0CC56F-49EF-47F7-9F86-B988F85FAF31}"
EndProject
Project("{FAE04EC0-301F-11D3-BF4B-00C04F79EFBC}") = "SpaceGameContent", "SpaceGame\SpaceGameContent\SpaceGameContent.contentproj", "{C48A4138-923D-4B6E-BF2C-6A00D1EEAEAC}"
EndProject
Project("{FAE04EC0-301F-11D3-BF4B-00C04F79EFBC}") = "TiledLib", "SpaceGame\TiledLib\TiledLib\TiledLib.csproj", "{EC3F6988-459C-4783-89E9-F34C0CC731C7}"
EndProject
Project("{FAE04EC0-301F-11D3-BF4B-00C04F79EFBC}") = "TiledPipelineExtensions", "TiledPipelineExtensions\TiledPipelineExtensions.csproj", "{8A0232DF-B771-4E46-A977-170C38C72C01}"
EndProject
Project("{FAE04EC0-301F-11D3-BF4B-00C04F79EFBC}") = "DebugPipeline", "..\..\Projects\HauntedHouse\DebugPipeline1\DebugPipeline.csproj", "{920945F9-046D-46B4-9D3C-6E8C077303A2}"
EndProject
Global
	GlobalSection(SolutionConfigurationPlatforms) = preSolution
		Debug|x86 = Debug|x86
		Release|x86 = Release|x86
	EndGlobalSection
	GlobalSection(ProjectConfigurationPlatforms) = postSolution
		{4D0CC56F-49EF-47F7-9F86-B988F85FAF31}.Debug|x86.ActiveCfg = Debug|x86
		{4D0CC56F-49EF-47F7-9F86-B988F85FAF31}.Debug|x86.Build.0 = Debug|x86
		{4D0CC56F-49EF-47F7-9F86-B988F85FAF31}.Release|x86.ActiveCfg = Release|x86
		{4D0CC56F-49EF-47F7-9F86-B988F85FAF31}.Release|x86.Build.0 = Release|x86
		{C48A4138-923D-4B6E-BF2C-6A00D1EEAEAC}.Debug|x86.ActiveCfg = Debug|x86
		{C48A4138-923D-4B6E-BF2C-6A00D1EEAEAC}.Release|x86.ActiveCfg = Release|x86
		{EC3F6988-459C-4783-89E9-F34C0CC731C7}.Debug|x86.ActiveCfg = Debug|x86
		{EC3F6988-459C-4783-89E9-F34C0CC731C7}.Debug|x86.Build.0 = Debug|x86
		{EC3F6988-459C-4783-89E9-F34C0CC731C7}.Release|x86.ActiveCfg = Release|x86
		{EC3F6988-459C-4783-89E9-F34C0CC731C7}.Release|x86.Build.0 = Release|x86
		{8A0232DF-B771-4E46-A977-170C38C72C01}.Debug|x86.ActiveCfg = Debug|x86
		{8A0232DF-B771-4E46-A977-170C38C72C01}.Debug|x86.Build.0 = Debug|x86
		{8A0232DF-B771-4E46-A977-170C38C72C01}.Release|x86.ActiveCfg = Debug|x86
		{8A0232DF-B771-4E46-A977-170C38C72C01}.Release|x86.Build.0 = Debug|x86
		{920945F9-046D-46B4-9D3C-6E8C077303A2}.Debug|x86.ActiveCfg = Debug|x86
		{920945F9-046D-46B4-9D3C-6E8C077303A2}.Debug|x86.Build.0 = Debug|x86
		{920945F9-046D-46B4-9D3C-6E8C077303A2}.Release|x86.ActiveCfg = Release|x86
		{920945F9-046D-46B4-9D3C-6E8C077303A2}.Release|x86.Build.0 = Release|x86
	EndGlobalSection
	GlobalSection(SolutionProperties) = preSolution
		HideSolutionNode = FALSE
	EndGlobalSection
EndGlobal
